// !$*UTF8*$!
{
	archiveVersion = 1;
	classes = {
	};
	objectVersion = 46;
	objects = {

/* Begin PBXBuildFile section */
		BE80C0D317CB6A3000D4552E /* LoginScreen_Background.png in Resources */ = {isa = PBXBuildFile; fileRef = BE80C0CE17CB6A3000D4552E /* LoginScreen_Background.png */; };
		BE80C0D417CB6A3000D4552E /* LoginScreen_ButtonDangNhap.png in Resources */ = {isa = PBXBuildFile; fileRef = BE80C0CF17CB6A3000D4552E /* LoginScreen_ButtonDangNhap.png */; };
		BE80C0D517CB6A3000D4552E /* LoginScreen_TextFieldPassword.png in Resources */ = {isa = PBXBuildFile; fileRef = BE80C0D017CB6A3000D4552E /* LoginScreen_TextFieldPassword.png */; };
		BE80C0D617CB6A3000D4552E /* LoginScreen_TextFieldUser.png in Resources */ = {isa = PBXBuildFile; fileRef = BE80C0D117CB6A3000D4552E /* LoginScreen_TextFieldUser.png */; };
		BE80C0D717CB6A3000D4552E /* LoginScreen_Title.png in Resources */ = {isa = PBXBuildFile; fileRef = BE80C0D217CB6A3000D4552E /* LoginScreen_Title.png */; };
		BE87AE2B17CB4F75009C5B93 /* UIKit.framework in Frameworks */ = {isa = PBXBuildFile; fileRef = BE87AE2A17CB4F75009C5B93 /* UIKit.framework */; };
		BE87AE2D17CB4F75009C5B93 /* Foundation.framework in Frameworks */ = {isa = PBXBuildFile; fileRef = BE87AE2C17CB4F75009C5B93 /* Foundation.framework */; };
		BE87AE2F17CB4F75009C5B93 /* CoreGraphics.framework in Frameworks */ = {isa = PBXBuildFile; fileRef = BE87AE2E17CB4F75009C5B93 /* CoreGraphics.framework */; };
		BE87AE3117CB4F75009C5B93 /* CoreData.framework in Frameworks */ = {isa = PBXBuildFile; fileRef = BE87AE3017CB4F75009C5B93 /* CoreData.framework */; };
		BE87AE3717CB4F75009C5B93 /* InfoPlist.strings in Resources */ = {isa = PBXBuildFile; fileRef = BE87AE3517CB4F75009C5B93 /* InfoPlist.strings */; };
		BE87AE3917CB4F75009C5B93 /* main.m in Sources */ = {isa = PBXBuildFile; fileRef = BE87AE3817CB4F75009C5B93 /* main.m */; };
		BE87AE3D17CB4F75009C5B93 /* AppDelegate.m in Sources */ = {isa = PBXBuildFile; fileRef = BE87AE3C17CB4F75009C5B93 /* AppDelegate.m */; };
		BE87AE3F17CB4F75009C5B93 /* Default.png in Resources */ = {isa = PBXBuildFile; fileRef = BE87AE3E17CB4F75009C5B93 /* Default.png */; };
		BE87AE4117CB4F75009C5B93 /* Default@2x.png in Resources */ = {isa = PBXBuildFile; fileRef = BE87AE4017CB4F75009C5B93 /* Default@2x.png */; };
		BE87AE4317CB4F75009C5B93 /* Default-568h@2x.png in Resources */ = {isa = PBXBuildFile; fileRef = BE87AE4217CB4F75009C5B93 /* Default-568h@2x.png */; };
		BE87AE4617CB4F75009C5B93 /* iHostel.xcdatamodeld in Sources */ = {isa = PBXBuildFile; fileRef = BE87AE4417CB4F75009C5B93 /* iHostel.xcdatamodeld */; };
		BE87AE5517CB50A2009C5B93 /* LoginViewController.m in Sources */ = {isa = PBXBuildFile; fileRef = BE87AE5317CB50A2009C5B93 /* LoginViewController.m */; };
		BE87AE5617CB50A2009C5B93 /* LoginViewController.xib in Resources */ = {isa = PBXBuildFile; fileRef = BE87AE5417CB50A2009C5B93 /* LoginViewController.xib */; };
		BEA1673A17CC4D260014CFAF /* Util.m in Sources */ = {isa = PBXBuildFile; fileRef = BEA1673917CC4D260014CFAF /* Util.m */; };
		BEA1673D17CC68C90014CFAF /* Icon@2x.png in Resources */ = {isa = PBXBuildFile; fileRef = BEA1673C17CC68C90014CFAF /* Icon@2x.png */; };
		BEA1673F17CC68DF0014CFAF /* Icon.png in Resources */ = {isa = PBXBuildFile; fileRef = BEA1673E17CC68DF0014CFAF /* Icon.png */; };
		BEA1674217CC72E50014CFAF /* GlobalObjects.m in Sources */ = {isa = PBXBuildFile; fileRef = BEA1674117CC72E50014CFAF /* GlobalObjects.m */; };
		BEA1674617CC91C00014CFAF /* HostelSettingViewController.m in Sources */ = {isa = PBXBuildFile; fileRef = BEA1674417CC91BF0014CFAF /* HostelSettingViewController.m */; };
		BEA1674717CC91C00014CFAF /* HostelSettingViewController.xib in Resources */ = {isa = PBXBuildFile; fileRef = BEA1674517CC91BF0014CFAF /* HostelSettingViewController.xib */; };
		BEA1674917CC91F40014CFAF /* Main_Roof.png in Resources */ = {isa = PBXBuildFile; fileRef = BEA1674817CC91F40014CFAF /* Main_Roof.png */; };
		BEA1674B17CC94E10014CFAF /* Main_TextField.png in Resources */ = {isa = PBXBuildFile; fileRef = BEA1674A17CC94E10014CFAF /* Main_TextField.png */; };
		BEA1674D17CC9ACD0014CFAF /* Main_CirleLine.png in Resources */ = {isa = PBXBuildFile; fileRef = BEA1674C17CC9ACD0014CFAF /* Main_CirleLine.png */; };
		BEA1674F17CCA5120014CFAF /* Main_ShortButton.png in Resources */ = {isa = PBXBuildFile; fileRef = BEA1674E17CCA5120014CFAF /* Main_ShortButton.png */; };
		BEA1675117CCAE2D0014CFAF /* Main_BackButton.png in Resources */ = {isa = PBXBuildFile; fileRef = BEA1675017CCAE2D0014CFAF /* Main_BackButton.png */; };
/* End PBXBuildFile section */

/* Begin PBXFileReference section */
		BE80C0CE17CB6A3000D4552E /* LoginScreen_Background.png */ = {isa = PBXFileReference; lastKnownFileType = image.png; path = LoginScreen_Background.png; sourceTree = "<group>"; };
		BE80C0CF17CB6A3000D4552E /* LoginScreen_ButtonDangNhap.png */ = {isa = PBXFileReference; lastKnownFileType = image.png; path = LoginScreen_ButtonDangNhap.png; sourceTree = "<group>"; };
		BE80C0D017CB6A3000D4552E /* LoginScreen_TextFieldPassword.png */ = {isa = PBXFileReference; lastKnownFileType = image.png; path = LoginScreen_TextFieldPassword.png; sourceTree = "<group>"; };
		BE80C0D117CB6A3000D4552E /* LoginScreen_TextFieldUser.png */ = {isa = PBXFileReference; lastKnownFileType = image.png; path = LoginScreen_TextFieldUser.png; sourceTree = "<group>"; };
		BE80C0D217CB6A3000D4552E /* LoginScreen_Title.png */ = {isa = PBXFileReference; lastKnownFileType = image.png; path = LoginScreen_Title.png; sourceTree = "<group>"; };
		BE87AE2717CB4F75009C5B93 /* iHostel.app */ = {isa = PBXFileReference; explicitFileType = wrapper.application; includeInIndex = 0; path = iHostel.app; sourceTree = BUILT_PRODUCTS_DIR; };
		BE87AE2A17CB4F75009C5B93 /* UIKit.framework */ = {isa = PBXFileReference; lastKnownFileType = wrapper.framework; name = UIKit.framework; path = System/Library/Frameworks/UIKit.framework; sourceTree = SDKROOT; };
		BE87AE2C17CB4F75009C5B93 /* Foundation.framework */ = {isa = PBXFileReference; lastKnownFileType = wrapper.framework; name = Foundation.framework; path = System/Library/Frameworks/Foundation.framework; sourceTree = SDKROOT; };
		BE87AE2E17CB4F75009C5B93 /* CoreGraphics.framework */ = {isa = PBXFileReference; lastKnownFileType = wrapper.framework; name = CoreGraphics.framework; path = System/Library/Frameworks/CoreGraphics.framework; sourceTree = SDKROOT; };
		BE87AE3017CB4F75009C5B93 /* CoreData.framework */ = {isa = PBXFileReference; lastKnownFileType = wrapper.framework; name = CoreData.framework; path = System/Library/Frameworks/CoreData.framework; sourceTree = SDKROOT; };
		BE87AE3417CB4F75009C5B93 /* iHostel-Info.plist */ = {isa = PBXFileReference; lastKnownFileType = text.plist.xml; path = "iHostel-Info.plist"; sourceTree = "<group>"; };
		BE87AE3617CB4F75009C5B93 /* en */ = {isa = PBXFileReference; lastKnownFileType = text.plist.strings; name = en; path = en.lproj/InfoPlist.strings; sourceTree = "<group>"; };
		BE87AE3817CB4F75009C5B93 /* main.m */ = {isa = PBXFileReference; lastKnownFileType = sourcecode.c.objc; path = main.m; sourceTree = "<group>"; };
		BE87AE3A17CB4F75009C5B93 /* iHostel-Prefix.pch */ = {isa = PBXFileReference; lastKnownFileType = sourcecode.c.h; path = "iHostel-Prefix.pch"; sourceTree = "<group>"; };
		BE87AE3B17CB4F75009C5B93 /* AppDelegate.h */ = {isa = PBXFileReference; lastKnownFileType = sourcecode.c.h; path = AppDelegate.h; sourceTree = "<group>"; };
		BE87AE3C17CB4F75009C5B93 /* AppDelegate.m */ = {isa = PBXFileReference; lastKnownFileType = sourcecode.c.objc; path = AppDelegate.m; sourceTree = "<group>"; };
		BE87AE3E17CB4F75009C5B93 /* Default.png */ = {isa = PBXFileReference; lastKnownFileType = image.png; path = Default.png; sourceTree = "<group>"; };
		BE87AE4017CB4F75009C5B93 /* Default@2x.png */ = {isa = PBXFileReference; lastKnownFileType = image.png; path = "Default@2x.png"; sourceTree = "<group>"; };
		BE87AE4217CB4F75009C5B93 /* Default-568h@2x.png */ = {isa = PBXFileReference; lastKnownFileType = image.png; path = "Default-568h@2x.png"; sourceTree = "<group>"; };
		BE87AE4517CB4F75009C5B93 /* iHostel.xcdatamodel */ = {isa = PBXFileReference; lastKnownFileType = wrapper.xcdatamodel; path = iHostel.xcdatamodel; sourceTree = "<group>"; };
		BE87AE5217CB50A2009C5B93 /* LoginViewController.h */ = {isa = PBXFileReference; fileEncoding = 4; lastKnownFileType = sourcecode.c.h; path = LoginViewController.h; sourceTree = "<group>"; };
		BE87AE5317CB50A2009C5B93 /* LoginViewController.m */ = {isa = PBXFileReference; fileEncoding = 4; lastKnownFileType = sourcecode.c.objc; path = LoginViewController.m; sourceTree = "<group>"; };
		BE87AE5417CB50A2009C5B93 /* LoginViewController.xib */ = {isa = PBXFileReference; fileEncoding = 4; lastKnownFileType = file.xib; path = LoginViewController.xib; sourceTree = "<group>"; };
		BEA1673817CC4D260014CFAF /* Util.h */ = {isa = PBXFileReference; fileEncoding = 4; lastKnownFileType = sourcecode.c.h; path = Util.h; sourceTree = "<group>"; };
		BEA1673917CC4D260014CFAF /* Util.m */ = {isa = PBXFileReference; fileEncoding = 4; lastKnownFileType = sourcecode.c.objc; path = Util.m; sourceTree = "<group>"; };
		BEA1673B17CC4D320014CFAF /* Define.h */ = {isa = PBXFileReference; lastKnownFileType = sourcecode.c.h; path = Define.h; sourceTree = "<group>"; };
		BEA1673C17CC68C90014CFAF /* Icon@2x.png */ = {isa = PBXFileReference; lastKnownFileType = image.png; path = "Icon@2x.png"; sourceTree = "<group>"; };
		BEA1673E17CC68DF0014CFAF /* Icon.png */ = {isa = PBXFileReference; lastKnownFileType = image.png; path = Icon.png; sourceTree = "<group>"; };
		BEA1674017CC72E50014CFAF /* GlobalObjects.h */ = {isa = PBXFileReference; fileEncoding = 4; lastKnownFileType = sourcecode.c.h; path = GlobalObjects.h; sourceTree = "<group>"; };
		BEA1674117CC72E50014CFAF /* GlobalObjects.m */ = {isa = PBXFileReference; fileEncoding = 4; lastKnownFileType = sourcecode.c.objc; path = GlobalObjects.m; sourceTree = "<group>"; };
		BEA1674317CC91BF0014CFAF /* HostelSettingViewController.h */ = {isa = PBXFileReference; fileEncoding = 4; lastKnownFileType = sourcecode.c.h; path = HostelSettingViewController.h; sourceTree = "<group>"; };
		BEA1674417CC91BF0014CFAF /* HostelSettingViewController.m */ = {isa = PBXFileReference; fileEncoding = 4; lastKnownFileType = sourcecode.c.objc; path = HostelSettingViewController.m; sourceTree = "<group>"; };
		BEA1674517CC91BF0014CFAF /* HostelSettingViewController.xib */ = {isa = PBXFileReference; fileEncoding = 4; lastKnownFileType = file.xib; path = HostelSettingViewController.xib; sourceTree = "<group>"; };
		BEA1674817CC91F40014CFAF /* Main_Roof.png */ = {isa = PBXFileReference; lastKnownFileType = image.png; path = Main_Roof.png; sourceTree = "<group>"; };
		BEA1674A17CC94E10014CFAF /* Main_TextField.png */ = {isa = PBXFileReference; lastKnownFileType = image.png; path = Main_TextField.png; sourceTree = "<group>"; };
		BEA1674C17CC9ACD0014CFAF /* Main_CirleLine.png */ = {isa = PBXFileReference; lastKnownFileType = image.png; path = Main_CirleLine.png; sourceTree = "<group>"; };
		BEA1674E17CCA5120014CFAF /* Main_ShortButton.png */ = {isa = PBXFileReference; lastKnownFileType = image.png; path = Main_ShortButton.png; sourceTree = "<group>"; };
		BEA1675017CCAE2D0014CFAF /* Main_BackButton.png */ = {isa = PBXFileReference; lastKnownFileType = image.png; path = Main_BackButton.png; sourceTree = "<group>"; };
/* End PBXFileReference section */

/* Begin PBXFrameworksBuildPhase section */
		BE87AE2417CB4F75009C5B93 /* Frameworks */ = {
			isa = PBXFrameworksBuildPhase;
			buildActionMask = 2147483647;
			files = (
				BE87AE2B17CB4F75009C5B93 /* UIKit.framework in Frameworks */,
				BE87AE2D17CB4F75009C5B93 /* Foundation.framework in Frameworks */,
				BE87AE2F17CB4F75009C5B93 /* CoreGraphics.framework in Frameworks */,
				BE87AE3117CB4F75009C5B93 /* CoreData.framework in Frameworks */,
			);
			runOnlyForDeploymentPostprocessing = 0;
		};
/* End PBXFrameworksBuildPhase section */

/* Begin PBXGroup section */
		BE80C0CD17CB6A3000D4552E /* Assets */ = {
			isa = PBXGroup;
			children = (
				BEA1675017CCAE2D0014CFAF /* Main_BackButton.png */,
				BEA1674E17CCA5120014CFAF /* Main_ShortButton.png */,
				BEA1674C17CC9ACD0014CFAF /* Main_CirleLine.png */,
				BEA1674A17CC94E10014CFAF /* Main_TextField.png */,
				BEA1674817CC91F40014CFAF /* Main_Roof.png */,
				BEA1673E17CC68DF0014CFAF /* Icon.png */,
				BEA1673C17CC68C90014CFAF /* Icon@2x.png */,
				BE80C0CE17CB6A3000D4552E /* LoginScreen_Background.png */,
				BE80C0CF17CB6A3000D4552E /* LoginScreen_ButtonDangNhap.png */,
				BE80C0D017CB6A3000D4552E /* LoginScreen_TextFieldPassword.png */,
				BE80C0D117CB6A3000D4552E /* LoginScreen_TextFieldUser.png */,
				BE80C0D217CB6A3000D4552E /* LoginScreen_Title.png */,
			);
			path = Assets;
			sourceTree = "<group>";
		};
		BE87AE1E17CB4F75009C5B93 = {
			isa = PBXGroup;
			children = (
				BE87AE3217CB4F75009C5B93 /* iHostel */,
				BE87AE2917CB4F75009C5B93 /* Frameworks */,
				BE87AE2817CB4F75009C5B93 /* Products */,
			);
			sourceTree = "<group>";
		};
		BE87AE2817CB4F75009C5B93 /* Products */ = {
			isa = PBXGroup;
			children = (
				BE87AE2717CB4F75009C5B93 /* iHostel.app */,
			);
			name = Products;
			sourceTree = "<group>";
		};
		BE87AE2917CB4F75009C5B93 /* Frameworks */ = {
			isa = PBXGroup;
			children = (
				BE87AE2A17CB4F75009C5B93 /* UIKit.framework */,
				BE87AE2C17CB4F75009C5B93 /* Foundation.framework */,
				BE87AE2E17CB4F75009C5B93 /* CoreGraphics.framework */,
				BE87AE3017CB4F75009C5B93 /* CoreData.framework */,
			);
			name = Frameworks;
			sourceTree = "<group>";
		};
		BE87AE3217CB4F75009C5B93 /* iHostel */ = {
			isa = PBXGroup;
			children = (
				BE87AE4C17CB5062009C5B93 /* Classes */,
				BE87AE5017CB5062009C5B93 /* Shared */,
				BE87AE3B17CB4F75009C5B93 /* AppDelegate.h */,
				BE87AE3C17CB4F75009C5B93 /* AppDelegate.m */,
				BE87AE3317CB4F75009C5B93 /* Supporting Files */,
			);
			path = iHostel;
			sourceTree = "<group>";
		};
		BE87AE3317CB4F75009C5B93 /* Supporting Files */ = {
			isa = PBXGroup;
			children = (
				BE87AE3417CB4F75009C5B93 /* iHostel-Info.plist */,
				BE87AE3517CB4F75009C5B93 /* InfoPlist.strings */,
				BE87AE3817CB4F75009C5B93 /* main.m */,
				BE87AE3A17CB4F75009C5B93 /* iHostel-Prefix.pch */,
				BE87AE3E17CB4F75009C5B93 /* Default.png */,
				BE87AE4017CB4F75009C5B93 /* Default@2x.png */,
				BE87AE4217CB4F75009C5B93 /* Default-568h@2x.png */,
			);
			name = "Supporting Files";
			sourceTree = "<group>";
		};
		BE87AE4C17CB5062009C5B93 /* Classes */ = {
			isa = PBXGroup;
			children = (
				BE87AE4D17CB5062009C5B93 /* CustomClasses */,
				BE87AE4E17CB5062009C5B93 /* ViewControllers */,
				BE87AE4F17CB5062009C5B93 /* Views */,
			);
			path = Classes;
			sourceTree = "<group>";
		};
		BE87AE4D17CB5062009C5B93 /* CustomClasses */ = {
			isa = PBXGroup;
			children = (
			);
			path = CustomClasses;
			sourceTree = "<group>";
		};
		BE87AE4E17CB5062009C5B93 /* ViewControllers */ = {
			isa = PBXGroup;
			children = (
				BE87AE5217CB50A2009C5B93 /* LoginViewController.h */,
				BE87AE5317CB50A2009C5B93 /* LoginViewController.m */,
				BE87AE5417CB50A2009C5B93 /* LoginViewController.xib */,
				BEA1674317CC91BF0014CFAF /* HostelSettingViewController.h */,
				BEA1674417CC91BF0014CFAF /* HostelSettingViewController.m */,
				BEA1674517CC91BF0014CFAF /* HostelSettingViewController.xib */,
			);
			path = ViewControllers;
			sourceTree = "<group>";
		};
		BE87AE4F17CB5062009C5B93 /* Views */ = {
			isa = PBXGroup;
			children = (
			);
			path = Views;
			sourceTree = "<group>";
		};
		BE87AE5017CB5062009C5B93 /* Shared */ = {
			isa = PBXGroup;
			children = (
				BEA1673717CC4CF50014CFAF /* Utility */,
				BE80C0CD17CB6A3000D4552E /* Assets */,
				BE87AE5117CB5062009C5B93 /* Database */,
			);
			path = Shared;
			sourceTree = "<group>";
		};
		BE87AE5117CB5062009C5B93 /* Database */ = {
			isa = PBXGroup;
			children = (
				BE87AE4417CB4F75009C5B93 /* iHostel.xcdatamodeld */,
			);
			path = Database;
			sourceTree = "<group>";
		};
		BEA1673717CC4CF50014CFAF /* Utility */ = {
			isa = PBXGroup;
			children = (
				BEA1673817CC4D260014CFAF /* Util.h */,
				BEA1673917CC4D260014CFAF /* Util.m */,
				BEA1673B17CC4D320014CFAF /* Define.h */,
				BEA1674017CC72E50014CFAF /* GlobalObjects.h */,
				BEA1674117CC72E50014CFAF /* GlobalObjects.m */,
			);
			path = Utility;
			sourceTree = "<group>";
		};
/* End PBXGroup section */

/* Begin PBXNativeTarget section */
		BE87AE2617CB4F75009C5B93 /* iHostel */ = {
			isa = PBXNativeTarget;
			buildConfigurationList = BE87AE4917CB4F75009C5B93 /* Build configuration list for PBXNativeTarget "iHostel" */;
			buildPhases = (
				BE87AE2317CB4F75009C5B93 /* Sources */,
				BE87AE2417CB4F75009C5B93 /* Frameworks */,
				BE87AE2517CB4F75009C5B93 /* Resources */,
			);
			buildRules = (
			);
			dependencies = (
			);
			name = iHostel;
			productName = iHostel;
			productReference = BE87AE2717CB4F75009C5B93 /* iHostel.app */;
			productType = "com.apple.product-type.application";
		};
/* End PBXNativeTarget section */

/* Begin PBXProject section */
		BE87AE1F17CB4F75009C5B93 /* Project object */ = {
			isa = PBXProject;
			attributes = {
				LastUpgradeCheck = 0460;
				ORGANIZATIONNAME = DHL;
			};
			buildConfigurationList = BE87AE2217CB4F75009C5B93 /* Build configuration list for PBXProject "iHostel" */;
			compatibilityVersion = "Xcode 3.2";
			developmentRegion = English;
			hasScannedForEncodings = 0;
			knownRegions = (
				en,
			);
			mainGroup = BE87AE1E17CB4F75009C5B93;
			productRefGroup = BE87AE2817CB4F75009C5B93 /* Products */;
			projectDirPath = "";
			projectRoot = "";
			targets = (
				BE87AE2617CB4F75009C5B93 /* iHostel */,
			);
		};
/* End PBXProject section */

/* Begin PBXResourcesBuildPhase section */
		BE87AE2517CB4F75009C5B93 /* Resources */ = {
			isa = PBXResourcesBuildPhase;
			buildActionMask = 2147483647;
			files = (
				BE87AE3717CB4F75009C5B93 /* InfoPlist.strings in Resources */,
				BE87AE3F17CB4F75009C5B93 /* Default.png in Resources */,
				BE87AE4117CB4F75009C5B93 /* Default@2x.png in Resources */,
				BE87AE4317CB4F75009C5B93 /* Default-568h@2x.png in Resources */,
				BE87AE5617CB50A2009C5B93 /* LoginViewController.xib in Resources */,
				BE80C0D317CB6A3000D4552E /* LoginScreen_Background.png in Resources */,
				BE80C0D417CB6A3000D4552E /* LoginScreen_ButtonDangNhap.png in Resources */,
				BE80C0D517CB6A3000D4552E /* LoginScreen_TextFieldPassword.png in Resources */,
				BE80C0D617CB6A3000D4552E /* LoginScreen_TextFieldUser.png in Resources */,
				BE80C0D717CB6A3000D4552E /* LoginScreen_Title.png in Resources */,
				BEA1673D17CC68C90014CFAF /* Icon@2x.png in Resources */,
				BEA1673F17CC68DF0014CFAF /* Icon.png in Resources */,
				BEA1674717CC91C00014CFAF /* HostelSettingViewController.xib in Resources */,
				BEA1674917CC91F40014CFAF /* Main_Roof.png in Resources */,
				BEA1674B17CC94E10014CFAF /* Main_TextField.png in Resources */,
				BEA1674D17CC9ACD0014CFAF /* Main_CirleLine.png in Resources */,
				BEA1674F17CCA5120014CFAF /* Main_ShortButton.png in Resources */,
				BEA1675117CCAE2D0014CFAF /* Main_BackButton.png in Resources */,
			);
			runOnlyForDeploymentPostprocessing = 0;
		};
/* End PBXResourcesBuildPhase section */

/* Begin PBXSourcesBuildPhase section */
		BE87AE2317CB4F75009C5B93 /* Sources */ = {
			isa = PBXSourcesBuildPhase;
			buildActionMask = 2147483647;
			files = (
				BE87AE3917CB4F75009C5B93 /* main.m in Sources */,
				BE87AE3D17CB4F75009C5B93 /* AppDelegate.m in Sources */,
				BE87AE4617CB4F75009C5B93 /* iHostel.xcdatamodeld in Sources */,
				BE87AE5517CB50A2009C5B93 /* LoginViewController.m in Sources */,
				BEA1673A17CC4D260014CFAF /* Util.m in Sources */,
				BEA1674217CC72E50014CFAF /* GlobalObjects.m in Sources */,
				BEA1674617CC91C00014CFAF /* HostelSettingViewController.m in Sources */,
			);
			runOnlyForDeploymentPostprocessing = 0;
		};
/* End PBXSourcesBuildPhase section */

/* Begin PBXVariantGroup section */
		BE87AE3517CB4F75009C5B93 /* InfoPlist.strings */ = {
			isa = PBXVariantGroup;
			children = (
				BE87AE3617CB4F75009C5B93 /* en */,
			);
			name = InfoPlist.strings;
			sourceTree = "<group>";
		};
/* End PBXVariantGroup section */

/* Begin XCBuildConfiguration section */
		BE87AE4717CB4F75009C5B93 /* Debug */ = {
			isa = XCBuildConfiguration;
			buildSettings = {
				ALWAYS_SEARCH_USER_PATHS = NO;
				CLANG_CXX_LANGUAGE_STANDARD = "gnu++0x";
				CLANG_CXX_LIBRARY = "libc++";
				CLANG_ENABLE_OBJC_ARC = YES;
				CLANG_WARN_CONSTANT_CONVERSION = YES;
				CLANG_WARN_EMPTY_BODY = YES;
				CLANG_WARN_ENUM_CONVERSION = YES;
				CLANG_WARN_INT_CONVERSION = YES;
				CLANG_WARN__DUPLICATE_METHOD_MATCH = YES;
				"CODE_SIGN_IDENTITY[sdk=iphoneos*]" = "iPhone Developer: Hai Nguyen (7XV4A7MU2Z)";
				COPY_PHASE_STRIP = NO;
				GCC_C_LANGUAGE_STANDARD = gnu99;
				GCC_DYNAMIC_NO_PIC = NO;
				GCC_OPTIMIZATION_LEVEL = 0;
				GCC_PREPROCESSOR_DEFINITIONS = (
					"DEBUG=1",
					"$(inherited)",
				);
				GCC_SYMBOLS_PRIVATE_EXTERN = NO;
				GCC_WARN_ABOUT_RETURN_TYPE = YES;
				GCC_WARN_UNINITIALIZED_AUTOS = YES;
				GCC_WARN_UNUSED_VARIABLE = YES;
				IPHONEOS_DEPLOYMENT_TARGET = 6.1;
				ONLY_ACTIVE_ARCH = YES;
				"PROVISIONING_PROFILE[sdk=iphoneos*]" = "4C4813DE-DD96-475B-B015-110F838E9916";
				SDKROOT = iphoneos;
			};
			name = Debug;
		};
		BE87AE4817CB4F75009C5B93 /* Release */ = {
			isa = XCBuildConfiguration;
			buildSettings = {
				ALWAYS_SEARCH_USER_PATHS = NO;
				CLANG_CXX_LANGUAGE_STANDARD = "gnu++0x";
				CLANG_CXX_LIBRARY = "libc++";
				CLANG_ENABLE_OBJC_ARC = YES;
				CLANG_WARN_CONSTANT_CONVERSION = YES;
				CLANG_WARN_EMPTY_BODY = YES;
				CLANG_WARN_ENUM_CONVERSION = YES;
				CLANG_WARN_INT_CONVERSION = YES;
				CLANG_WARN__DUPLICATE_METHOD_MATCH = YES;
				"CODE_SIGN_IDENTITY[sdk=iphoneos*]" = "iPhone Developer";
				COPY_PHASE_STRIP = YES;
				GCC_C_LANGUAGE_STANDARD = gnu99;
				GCC_WARN_ABOUT_RETURN_TYPE = YES;
				GCC_WARN_UNINITIALIZED_AUTOS = YES;
				GCC_WARN_UNUSED_VARIABLE = YES;
				IPHONEOS_DEPLOYMENT_TARGET = 6.1;
				OTHER_CFLAGS = "-DNS_BLOCK_ASSERTIONS=1";
				SDKROOT = iphoneos;
				VALIDATE_PRODUCT = YES;
			};
			name = Release;
		};
		BE87AE4A17CB4F75009C5B93 /* Debug */ = {
			isa = XCBuildConfiguration;
			buildSettings = {
				GCC_PRECOMPILE_PREFIX_HEADER = YES;
				GCC_PREFIX_HEADER = "iHostel/iHostel-Prefix.pch";
				INFOPLIST_FILE = "iHostel/iHostel-Info.plist";
				IPHONEOS_DEPLOYMENT_TARGET = 5.1;
				PRODUCT_NAME = "$(TARGET_NAME)";
				WRAPPER_EXTENSION = app;
			};
			name = Debug;
		};
		BE87AE4B17CB4F75009C5B93 /* Release */ = {
			isa = XCBuildConfiguration;
			buildSettings = {
				GCC_PRECOMPILE_PREFIX_HEADER = YES;
				GCC_PREFIX_HEADER = "iHostel/iHostel-Prefix.pch";
				INFOPLIST_FILE = "iHostel/iHostel-Info.plist";
				IPHONEOS_DEPLOYMENT_TARGET = 5.1;
				PRODUCT_NAME = "$(TARGET_NAME)";
				WRAPPER_EXTENSION = app;
			};
			name = Release;
		};
/* End XCBuildConfiguration section */

/* Begin XCConfigurationList section */
		BE87AE2217CB4F75009C5B93 /* Build configuration list for PBXProject "iHostel" */ = {
			isa = XCConfigurationList;
			buildConfigurations = (
				BE87AE4717CB4F75009C5B93 /* Debug */,
				BE87AE4817CB4F75009C5B93 /* Release */,
			);
			defaultConfigurationIsVisible = 0;
			defaultConfigurationName = Release;
		};
		BE87AE4917CB4F75009C5B93 /* Build configuration list for PBXNativeTarget "iHostel" */ = {
			isa = XCConfigurationList;
			buildConfigurations = (
				BE87AE4A17CB4F75009C5B93 /* Debug */,
				BE87AE4B17CB4F75009C5B93 /* Release */,
			);
			defaultConfigurationIsVisible = 0;
			defaultConfigurationName = Release;
		};
/* End XCConfigurationList section */

/* Begin XCVersionGroup section */
		BE87AE4417CB4F75009C5B93 /* iHostel.xcdatamodeld */ = {
			isa = XCVersionGroup;
			children = (
				BE87AE4517CB4F75009C5B93 /* iHostel.xcdatamodel */,
			);
			currentVersion = BE87AE4517CB4F75009C5B93 /* iHostel.xcdatamodel */;
			name = iHostel.xcdatamodeld;
			path = ../../iHostel.xcdatamodeld;
			sourceTree = "<group>";
			versionGroupType = wrapper.xcdatamodel;
		};
/* End XCVersionGroup section */
	};
	rootObject = BE87AE1F17CB4F75009C5B93 /* Project object */;
}
